
Microsoft Visual Studio Solution File, Format Version 12.00
# Visual Studio Version 17
VisualStudioVersion = 17.0.31903.59
MinimumVisualStudioVersion = 10.0.40219.1
Project("{2150E333-8FDC-42A3-9474-1A3956D46DE8}") = "src", "src", "{827E0CD3-B72D-47B6-A68D-7590B98EB39B}"
EndProject
Project("{FAE04EC0-301F-11D3-BF4B-00C04F79EFBC}") = "ScrollShot.App", "src\ScrollShot.App\ScrollShot.App.csproj", "{EF65FE2F-5D47-4962-941D-72FE6BF09228}"
EndProject
Project("{FAE04EC0-301F-11D3-BF4B-00C04F79EFBC}") = "ScrollShot.Capture", "src\ScrollShot.Capture\ScrollShot.Capture.csproj", "{875821D0-097F-4FC6-B11D-136CD3F77B5B}"
EndProject
Project("{FAE04EC0-301F-11D3-BF4B-00C04F79EFBC}") = "ScrollShot.Scroll", "src\ScrollShot.Scroll\ScrollShot.Scroll.csproj", "{B0D89EDD-1C0C-4B44-B891-654823805CC9}"
EndProject
Project("{FAE04EC0-301F-11D3-BF4B-00C04F79EFBC}") = "ScrollShot.Overlay", "src\ScrollShot.Overlay\ScrollShot.Overlay.csproj", "{8E3374B2-CD49-4382-93D7-C222763B29A3}"
EndProject
Project("{FAE04EC0-301F-11D3-BF4B-00C04F79EFBC}") = "ScrollShot.Editor", "src\ScrollShot.Editor\ScrollShot.Editor.csproj", "{D5E5B706-AA4A-4585-B740-E2ADB1F71AC9}"
EndProject
Project("{2150E333-8FDC-42A3-9474-1A3956D46DE8}") = "tests", "tests", "{0AB3BF05-4346-4AA6-1389-037BE0695223}"
EndProject
Project("{FAE04EC0-301F-11D3-BF4B-00C04F79EFBC}") = "ScrollShot.App.Tests", "tests\ScrollShot.App.Tests\ScrollShot.App.Tests.csproj", "{89966C32-E40D-4C84-AD6B-3FFD73F6656F}"
EndProject
Project("{FAE04EC0-301F-11D3-BF4B-00C04F79EFBC}") = "ScrollShot.Capture.Tests", "tests\ScrollShot.Capture.Tests\ScrollShot.Capture.Tests.csproj", "{DBDBCBFB-F875-42AC-B2AB-067D510DE57F}"
EndProject
Project("{FAE04EC0-301F-11D3-BF4B-00C04F79EFBC}") = "ScrollShot.Editor.Tests", "tests\ScrollShot.Editor.Tests\ScrollShot.Editor.Tests.csproj", "{6C0AF0D9-D7E0-4C70-912F-9531A9E2007C}"
EndProject
Project("{FAE04EC0-301F-11D3-BF4B-00C04F79EFBC}") = "ScrollShot.Scroll.Tests", "tests\ScrollShot.Scroll.Tests\ScrollShot.Scroll.Tests.csproj", "{EAD71D5A-F3BD-4D77-B2E9-0FA6D85DAB45}"
EndProject
Project("{FAE04EC0-301F-11D3-BF4B-00C04F79EFBC}") = "ScrollShot.Tooling", "src\ScrollShot.Tooling\ScrollShot.Tooling.csproj", "{87627613-CB9C-43BD-8D03-8F25010A1B60}"
EndProject
Project("{FAE04EC0-301F-11D3-BF4B-00C04F79EFBC}") = "ScrollShot.Tooling.Tests", "tests\ScrollShot.Tooling.Tests\ScrollShot.Tooling.Tests.csproj", "{55FC00A9-275F-4428-BD60-49BAFFA04368}"
EndProject
Global
	GlobalSection(SolutionConfigurationPlatforms) = preSolution
		Debug|Any CPU = Debug|Any CPU
		Debug|x64 = Debug|x64
		Debug|x86 = Debug|x86
		Release|Any CPU = Release|Any CPU
		Release|x64 = Release|x64
		Release|x86 = Release|x86
	EndGlobalSection
	GlobalSection(ProjectConfigurationPlatforms) = postSolution
		{EF65FE2F-5D47-4962-941D-72FE6BF09228}.Debug|Any CPU.ActiveCfg = Debug|Any CPU
		{EF65FE2F-5D47-4962-941D-72FE6BF09228}.Debug|Any CPU.Build.0 = Debug|Any CPU
		{EF65FE2F-5D47-4962-941D-72FE6BF09228}.Debug|x64.ActiveCfg = Debug|Any CPU
		{EF65FE2F-5D47-4962-941D-72FE6BF09228}.Debug|x64.Build.0 = Debug|Any CPU
		{EF65FE2F-5D47-4962-941D-72FE6BF09228}.Debug|x86.ActiveCfg = Debug|Any CPU
		{EF65FE2F-5D47-4962-941D-72FE6BF09228}.Debug|x86.Build.0 = Debug|Any CPU
		{EF65FE2F-5D47-4962-941D-72FE6BF09228}.Release|Any CPU.ActiveCfg = Release|Any CPU
		{EF65FE2F-5D47-4962-941D-72FE6BF09228}.Release|Any CPU.Build.0 = Release|Any CPU
		{EF65FE2F-5D47-4962-941D-72FE6BF09228}.Release|x64.ActiveCfg = Release|Any CPU
		{EF65FE2F-5D47-4962-941D-72FE6BF09228}.Release|x64.Build.0 = Release|Any CPU
		{EF65FE2F-5D47-4962-941D-72FE6BF09228}.Release|x86.ActiveCfg = Release|Any CPU
		{EF65FE2F-5D47-4962-941D-72FE6BF09228}.Release|x86.Build.0 = Release|Any CPU
		{875821D0-097F-4FC6-B11D-136CD3F77B5B}.Debug|Any CPU.ActiveCfg = Debug|Any CPU
		{875821D0-097F-4FC6-B11D-136CD3F77B5B}.Debug|Any CPU.Build.0 = Debug|Any CPU
		{875821D0-097F-4FC6-B11D-136CD3F77B5B}.Debug|x64.ActiveCfg = Debug|Any CPU
		{875821D0-097F-4FC6-B11D-136CD3F77B5B}.Debug|x64.Build.0 = Debug|Any CPU
		{875821D0-097F-4FC6-B11D-136CD3F77B5B}.Debug|x86.ActiveCfg = Debug|Any CPU
		{875821D0-097F-4FC6-B11D-136CD3F77B5B}.Debug|x86.Build.0 = Debug|Any CPU
		{875821D0-097F-4FC6-B11D-136CD3F77B5B}.Release|Any CPU.ActiveCfg = Release|Any CPU
		{875821D0-097F-4FC6-B11D-136CD3F77B5B}.Release|Any CPU.Build.0 = Release|Any CPU
		{875821D0-097F-4FC6-B11D-136CD3F77B5B}.Release|x64.ActiveCfg = Release|Any CPU
		{875821D0-097F-4FC6-B11D-136CD3F77B5B}.Release|x64.Build.0 = Release|Any CPU
		{875821D0-097F-4FC6-B11D-136CD3F77B5B}.Release|x86.ActiveCfg = Release|Any CPU
		{875821D0-097F-4FC6-B11D-136CD3F77B5B}.Release|x86.Build.0 = Release|Any CPU
		{B0D89EDD-1C0C-4B44-B891-654823805CC9}.Debug|Any CPU.ActiveCfg = Debug|Any CPU
		{B0D89EDD-1C0C-4B44-B891-654823805CC9}.Debug|Any CPU.Build.0 = Debug|Any CPU
		{B0D89EDD-1C0C-4B44-B891-654823805CC9}.Debug|x64.ActiveCfg = Debug|Any CPU
		{B0D89EDD-1C0C-4B44-B891-654823805CC9}.Debug|x64.Build.0 = Debug|Any CPU
		{B0D89EDD-1C0C-4B44-B891-654823805CC9}.Debug|x86.ActiveCfg = Debug|Any CPU
		{B0D89EDD-1C0C-4B44-B891-654823805CC9}.Debug|x86.Build.0 = Debug|Any CPU
		{B0D89EDD-1C0C-4B44-B891-654823805CC9}.Release|Any CPU.ActiveCfg = Release|Any CPU
		{B0D89EDD-1C0C-4B44-B891-654823805CC9}.Release|Any CPU.Build.0 = Release|Any CPU
		{B0D89EDD-1C0C-4B44-B891-654823805CC9}.Release|x64.ActiveCfg = Release|Any CPU
		{B0D89EDD-1C0C-4B44-B891-654823805CC9}.Release|x64.Build.0 = Release|Any CPU
		{B0D89EDD-1C0C-4B44-B891-654823805CC9}.Release|x86.ActiveCfg = Release|Any CPU
		{B0D89EDD-1C0C-4B44-B891-654823805CC9}.Release|x86.Build.0 = Release|Any CPU
		{8E3374B2-CD49-4382-93D7-C222763B29A3}.Debug|Any CPU.ActiveCfg = Debug|Any CPU
		{8E3374B2-CD49-4382-93D7-C222763B29A3}.Debug|Any CPU.Build.0 = Debug|Any CPU
		{8E3374B2-CD49-4382-93D7-C222763B29A3}.Debug|x64.ActiveCfg = Debug|Any CPU
		{8E3374B2-CD49-4382-93D7-C222763B29A3}.Debug|x64.Build.0 = Debug|Any CPU
		{8E3374B2-CD49-4382-93D7-C222763B29A3}.Debug|x86.ActiveCfg = Debug|Any CPU
		{8E3374B2-CD49-4382-93D7-C222763B29A3}.Debug|x86.Build.0 = Debug|Any CPU
		{8E3374B2-CD49-4382-93D7-C222763B29A3}.Release|Any CPU.ActiveCfg = Release|Any CPU
		{8E3374B2-CD49-4382-93D7-C222763B29A3}.Release|Any CPU.Build.0 = Release|Any CPU
		{8E3374B2-CD49-4382-93D7-C222763B29A3}.Release|x64.ActiveCfg = Release|Any CPU
		{8E3374B2-CD49-4382-93D7-C222763B29A3}.Release|x64.Build.0 = Release|Any CPU
		{8E3374B2-CD49-4382-93D7-C222763B29A3}.Release|x86.ActiveCfg = Release|Any CPU
		{8E3374B2-CD49-4382-93D7-C222763B29A3}.Release|x86.Build.0 = Release|Any CPU
		{D5E5B706-AA4A-4585-B740-E2ADB1F71AC9}.Debug|Any CPU.ActiveCfg = Debug|Any CPU
		{D5E5B706-AA4A-4585-B740-E2ADB1F71AC9}.Debug|Any CPU.Build.0 = Debug|Any CPU
		{D5E5B706-AA4A-4585-B740-E2ADB1F71AC9}.Debug|x64.ActiveCfg = Debug|Any CPU
		{D5E5B706-AA4A-4585-B740-E2ADB1F71AC9}.Debug|x64.Build.0 = Debug|Any CPU
		{D5E5B706-AA4A-4585-B740-E2ADB1F71AC9}.Debug|x86.ActiveCfg = Debug|Any CPU
		{D5E5B706-AA4A-4585-B740-E2ADB1F71AC9}.Debug|x86.Build.0 = Debug|Any CPU
		{D5E5B706-AA4A-4585-B740-E2ADB1F71AC9}.Release|Any CPU.ActiveCfg = Release|Any CPU
		{D5E5B706-AA4A-4585-B740-E2ADB1F71AC9}.Release|Any CPU.Build.0 = Release|Any CPU
		{D5E5B706-AA4A-4585-B740-E2ADB1F71AC9}.Release|x64.ActiveCfg = Release|Any CPU
		{D5E5B706-AA4A-4585-B740-E2ADB1F71AC9}.Release|x64.Build.0 = Release|Any CPU
		{D5E5B706-AA4A-4585-B740-E2ADB1F71AC9}.Release|x86.ActiveCfg = Release|Any CPU
		{D5E5B706-AA4A-4585-B740-E2ADB1F71AC9}.Release|x86.Build.0 = Release|Any CPU
		{89966C32-E40D-4C84-AD6B-3FFD73F6656F}.Debug|Any CPU.ActiveCfg = Debug|Any CPU
		{89966C32-E40D-4C84-AD6B-3FFD73F6656F}.Debug|Any CPU.Build.0 = Debug|Any CPU
		{89966C32-E40D-4C84-AD6B-3FFD73F6656F}.Debug|x64.ActiveCfg = Debug|Any CPU
		{89966C32-E40D-4C84-AD6B-3FFD73F6656F}.Debug|x64.Build.0 = Debug|Any CPU
		{89966C32-E40D-4C84-AD6B-3FFD73F6656F}.Debug|x86.ActiveCfg = Debug|Any CPU
		{89966C32-E40D-4C84-AD6B-3FFD73F6656F}.Debug|x86.Build.0 = Debug|Any CPU
		{89966C32-E40D-4C84-AD6B-3FFD73F6656F}.Release|Any CPU.ActiveCfg = Release|Any CPU
		{89966C32-E40D-4C84-AD6B-3FFD73F6656F}.Release|Any CPU.Build.0 = Release|Any CPU
		{89966C32-E40D-4C84-AD6B-3FFD73F6656F}.Release|x64.ActiveCfg = Release|Any CPU
		{89966C32-E40D-4C84-AD6B-3FFD73F6656F}.Release|x64.Build.0 = Release|Any CPU
		{89966C32-E40D-4C84-AD6B-3FFD73F6656F}.Release|x86.ActiveCfg = Release|Any CPU
		{89966C32-E40D-4C84-AD6B-3FFD73F6656F}.Release|x86.Build.0 = Release|Any CPU
		{DBDBCBFB-F875-42AC-B2AB-067D510DE57F}.Debug|Any CPU.ActiveCfg = Debug|Any CPU
		{DBDBCBFB-F875-42AC-B2AB-067D510DE57F}.Debug|Any CPU.Build.0 = Debug|Any CPU
		{DBDBCBFB-F875-42AC-B2AB-067D510DE57F}.Debug|x64.ActiveCfg = Debug|Any CPU
		{DBDBCBFB-F875-42AC-B2AB-067D510DE57F}.Debug|x64.Build.0 = Debug|Any CPU
		{DBDBCBFB-F875-42AC-B2AB-067D510DE57F}.Debug|x86.ActiveCfg = Debug|Any CPU
		{DBDBCBFB-F875-42AC-B2AB-067D510DE57F}.Debug|x86.Build.0 = Debug|Any CPU
		{DBDBCBFB-F875-42AC-B2AB-067D510DE57F}.Release|Any CPU.ActiveCfg = Release|Any CPU
		{DBDBCBFB-F875-42AC-B2AB-067D510DE57F}.Release|Any CPU.Build.0 = Release|Any CPU
		{DBDBCBFB-F875-42AC-B2AB-067D510DE57F}.Release|x64.ActiveCfg = Release|Any CPU
		{DBDBCBFB-F875-42AC-B2AB-067D510DE57F}.Release|x64.Build.0 = Release|Any CPU
		{DBDBCBFB-F875-42AC-B2AB-067D510DE57F}.Release|x86.ActiveCfg = Release|Any CPU
		{DBDBCBFB-F875-42AC-B2AB-067D510DE57F}.Release|x86.Build.0 = Release|Any CPU
		{6C0AF0D9-D7E0-4C70-912F-9531A9E2007C}.Debug|Any CPU.ActiveCfg = Debug|Any CPU
		{6C0AF0D9-D7E0-4C70-912F-9531A9E2007C}.Debug|Any CPU.Build.0 = Debug|Any CPU
		{6C0AF0D9-D7E0-4C70-912F-9531A9E2007C}.Debug|x64.ActiveCfg = Debug|Any CPU
		{6C0AF0D9-D7E0-4C70-912F-9531A9E2007C}.Debug|x64.Build.0 = Debug|Any CPU
		{6C0AF0D9-D7E0-4C70-912F-9531A9E2007C}.Debug|x86.ActiveCfg = Debug|Any CPU
		{6C0AF0D9-D7E0-4C70-912F-9531A9E2007C}.Debug|x86.Build.0 = Debug|Any CPU
		{6C0AF0D9-D7E0-4C70-912F-9531A9E2007C}.Release|Any CPU.ActiveCfg = Release|Any CPU
		{6C0AF0D9-D7E0-4C70-912F-9531A9E2007C}.Release|Any CPU.Build.0 = Release|Any CPU
		{6C0AF0D9-D7E0-4C70-912F-9531A9E2007C}.Release|x64.ActiveCfg = Release|Any CPU
		{6C0AF0D9-D7E0-4C70-912F-9531A9E2007C}.Release|x64.Build.0 = Release|Any CPU
		{6C0AF0D9-D7E0-4C70-912F-9531A9E2007C}.Release|x86.ActiveCfg = Release|Any CPU
		{6C0AF0D9-D7E0-4C70-912F-9531A9E2007C}.Release|x86.Build.0 = Release|Any CPU
		{EAD71D5A-F3BD-4D77-B2E9-0FA6D85DAB45}.Debug|Any CPU.ActiveCfg = Debug|Any CPU
		{EAD71D5A-F3BD-4D77-B2E9-0FA6D85DAB45}.Debug|Any CPU.Build.0 = Debug|Any CPU
		{EAD71D5A-F3BD-4D77-B2E9-0FA6D85DAB45}.Debug|x64.ActiveCfg = Debug|Any CPU
		{EAD71D5A-F3BD-4D77-B2E9-0FA6D85DAB45}.Debug|x64.Build.0 = Debug|Any CPU
		{EAD71D5A-F3BD-4D77-B2E9-0FA6D85DAB45}.Debug|x86.ActiveCfg = Debug|Any CPU
		{EAD71D5A-F3BD-4D77-B2E9-0FA6D85DAB45}.Debug|x86.Build.0 = Debug|Any CPU
		{EAD71D5A-F3BD-4D77-B2E9-0FA6D85DAB45}.Release|Any CPU.ActiveCfg = Release|Any CPU
		{EAD71D5A-F3BD-4D77-B2E9-0FA6D85DAB45}.Release|Any CPU.Build.0 = Release|Any CPU
		{EAD71D5A-F3BD-4D77-B2E9-0FA6D85DAB45}.Release|x64.ActiveCfg = Release|Any CPU
		{EAD71D5A-F3BD-4D77-B2E9-0FA6D85DAB45}.Release|x64.Build.0 = Release|Any CPU
		{EAD71D5A-F3BD-4D77-B2E9-0FA6D85DAB45}.Release|x86.ActiveCfg = Release|Any CPU
		{EAD71D5A-F3BD-4D77-B2E9-0FA6D85DAB45}.Release|x86.Build.0 = Release|Any CPU
		{87627613-CB9C-43BD-8D03-8F25010A1B60}.Debug|Any CPU.ActiveCfg = Debug|Any CPU
		{87627613-CB9C-43BD-8D03-8F25010A1B60}.Debug|Any CPU.Build.0 = Debug|Any CPU
		{87627613-CB9C-43BD-8D03-8F25010A1B60}.Debug|x64.ActiveCfg = Debug|Any CPU
		{87627613-CB9C-43BD-8D03-8F25010A1B60}.Debug|x64.Build.0 = Debug|Any CPU
		{87627613-CB9C-43BD-8D03-8F25010A1B60}.Debug|x86.ActiveCfg = Debug|Any CPU
		{87627613-CB9C-43BD-8D03-8F25010A1B60}.Debug|x86.Build.0 = Debug|Any CPU
		{87627613-CB9C-43BD-8D03-8F25010A1B60}.Release|Any CPU.ActiveCfg = Release|Any CPU
		{87627613-CB9C-43BD-8D03-8F25010A1B60}.Release|Any CPU.Build.0 = Release|Any CPU
		{87627613-CB9C-43BD-8D03-8F25010A1B60}.Release|x64.ActiveCfg = Release|Any CPU
		{87627613-CB9C-43BD-8D03-8F25010A1B60}.Release|x64.Build.0 = Release|Any CPU
		{87627613-CB9C-43BD-8D03-8F25010A1B60}.Release|x86.ActiveCfg = Release|Any CPU
		{87627613-CB9C-43BD-8D03-8F25010A1B60}.Release|x86.Build.0 = Release|Any CPU
		{55FC00A9-275F-4428-BD60-49BAFFA04368}.Debug|Any CPU.ActiveCfg = Debug|Any CPU
		{55FC00A9-275F-4428-BD60-49BAFFA04368}.Debug|Any CPU.Build.0 = Debug|Any CPU
		{55FC00A9-275F-4428-BD60-49BAFFA04368}.Debug|x64.ActiveCfg = Debug|Any CPU
		{55FC00A9-275F-4428-BD60-49BAFFA04368}.Debug|x64.Build.0 = Debug|Any CPU
		{55FC00A9-275F-4428-BD60-49BAFFA04368}.Debug|x86.ActiveCfg = Debug|Any CPU
		{55FC00A9-275F-4428-BD60-49BAFFA04368}.Debug|x86.Build.0 = Debug|Any CPU
		{55FC00A9-275F-4428-BD60-49BAFFA04368}.Release|Any CPU.ActiveCfg = Release|Any CPU
		{55FC00A9-275F-4428-BD60-49BAFFA04368}.Release|Any CPU.Build.0 = Release|Any CPU
		{55FC00A9-275F-4428-BD60-49BAFFA04368}.Release|x64.ActiveCfg = Release|Any CPU
		{55FC00A9-275F-4428-BD60-49BAFFA04368}.Release|x64.Build.0 = Release|Any CPU
		{55FC00A9-275F-4428-BD60-49BAFFA04368}.Release|x86.ActiveCfg = Release|Any CPU
		{55FC00A9-275F-4428-BD60-49BAFFA04368}.Release|x86.Build.0 = Release|Any CPU
	EndGlobalSection
	GlobalSection(SolutionProperties) = preSolution
		HideSolutionNode = FALSE
	EndGlobalSection
	GlobalSection(NestedProjects) = preSolution
		{EF65FE2F-5D47-4962-941D-72FE6BF09228} = {827E0CD3-B72D-47B6-A68D-7590B98EB39B}
		{875821D0-097F-4FC6-B11D-136CD3F77B5B} = {827E0CD3-B72D-47B6-A68D-7590B98EB39B}
		{B0D89EDD-1C0C-4B44-B891-654823805CC9} = {827E0CD3-B72D-47B6-A68D-7590B98EB39B}
		{8E3374B2-CD49-4382-93D7-C222763B29A3} = {827E0CD3-B72D-47B6-A68D-7590B98EB39B}
		{D5E5B706-AA4A-4585-B740-E2ADB1F71AC9} = {827E0CD3-B72D-47B6-A68D-7590B98EB39B}
		{89966C32-E40D-4C84-AD6B-3FFD73F6656F} = {0AB3BF05-4346-4AA6-1389-037BE0695223}
		{DBDBCBFB-F875-42AC-B2AB-067D510DE57F} = {0AB3BF05-4346-4AA6-1389-037BE0695223}
		{6C0AF0D9-D7E0-4C70-912F-9531A9E2007C} = {0AB3BF05-4346-4AA6-1389-037BE0695223}
		{EAD71D5A-F3BD-4D77-B2E9-0FA6D85DAB45} = {0AB3BF05-4346-4AA6-1389-037BE0695223}
		{87627613-CB9C-43BD-8D03-8F25010A1B60} = {827E0CD3-B72D-47B6-A68D-7590B98EB39B}
		{55FC00A9-275F-4428-BD60-49BAFFA04368} = {0AB3BF05-4346-4AA6-1389-037BE0695223}
	EndGlobalSection
EndGlobal
